
Microsoft Visual Studio Solution File, Format Version 12.00
# Visual Studio Version 16
VisualStudioVersion = 16.0.30104.148
MinimumVisualStudioVersion = 10.0.40219.1
Project("{FAE04EC0-301F-11D3-BF4B-00C04F79EFBC}") = "NewCalculator", "NewCalculator\NewCalculator.csproj", "{CE91040C-6174-4CEF-ABCF-A30F14A030FF}"
EndProject
Global
	GlobalSection(SolutionConfigurationPlatforms) = preSolution
		Debug|Any CPU = Debug|Any CPU
		Release|Any CPU = Release|Any CPU
	EndGlobalSection
	GlobalSection(ProjectConfigurationPlatforms) = postSolution
		{CE91040C-6174-4CEF-ABCF-A30F14A030FF}.Debug|Any CPU.ActiveCfg = Debug|Any CPU
		{CE91040C-6174-4CEF-ABCF-A30F14A030FF}.Debug|Any CPU.Build.0 = Debug|Any CPU
		{CE91040C-6174-4CEF-ABCF-A30F14A030FF}.Release|Any CPU.ActiveCfg = Release|Any CPU
		{CE91040C-6174-4CEF-ABCF-A30F14A030FF}.Release|Any CPU.Build.0 = Release|Any CPU
	EndGlobalSection
	GlobalSection(SolutionProperties) = preSolution
		HideSolutionNode = FALSE
	EndGlobalSection
	GlobalSection(ExtensibilityGlobals) = postSolution
		SolutionGuid = {1E19259D-9AD5-49BC-8402-B1D2169198B0}
	EndGlobalSection
EndGlobal
